speakeasyVersion: 1.330.0
sources:
    my-source:
        sourceNamespace: my-source
        sourceRevisionDigest: sha256:be16af9e7adaff0c5ee636e2bc66694124e30b4a4df21a9c42d91408a9cb4651
        sourceBlobDigest: sha256:9cbc6783195cd1f3cfa71791e6367e430628e3860002a40df47705c474dfebd5
        tags:
            - latest
            - main
targets:
    bolt-typescript:
        source: my-source
        sourceNamespace: my-source
        sourceRevisionDigest: sha256:be16af9e7adaff0c5ee636e2bc66694124e30b4a4df21a9c42d91408a9cb4651
        sourceBlobDigest: sha256:9cbc6783195cd1f3cfa71791e6367e430628e3860002a40df47705c474dfebd5
        outLocation: /github/workspace/repo
workflow:
    workflowVersion: 1.0.0
    speakeasyVersion: latest
    sources:
        my-source:
            inputs:
                - location: https://api-docs.bolt.com/api.bundle.yaml
            registry:
                location: registry.speakeasyapi.dev/bolt/boltpublicapi/my-source
    targets:
        bolt-typescript:
            target: typescript
            source: my-source
            publish:
                npm:
                    token: $NPM_TOKEN
