speakeasyVersion: 1.330.0
sources:
    my-source:
        sourceNamespace: my-source
        sourceRevisionDigest: sha256:47b71ad6d2f84986e469471e8aa56f969d33fdd4372ee12711f9f63f74ee82b1
        sourceBlobDigest: sha256:96a31f5276e75178c60aeb427b2c17db7da9eab137d4cbd6623bee5a38d00dd6
        tags:
            - latest
            - main
targets:
    bolt-typescript:
        source: my-source
        sourceNamespace: my-source
        sourceRevisionDigest: sha256:47b71ad6d2f84986e469471e8aa56f969d33fdd4372ee12711f9f63f74ee82b1
        sourceBlobDigest: sha256:96a31f5276e75178c60aeb427b2c17db7da9eab137d4cbd6623bee5a38d00dd6
        outLocation: /github/workspace/repo
workflow:
    workflowVersion: 1.0.0
    speakeasyVersion: latest
    sources:
        my-source:
            inputs:
                - location: https://api-docs.bolt.com/api.bundle.yaml
            registry:
                location: registry.speakeasyapi.dev/bolt/boltpublicapi/my-source
    targets:
        bolt-typescript:
            target: typescript
            source: my-source
            publish:
                npm:
                    token: $NPM_TOKEN
