speakeasyVersion: 1.299.1
sources:
    my-source:
        sourceNamespace: my-source
        sourceRevisionDigest: sha256:8d201edede611df10bf85b9951a1de80aeddf4191872b8c902151974b42cade3
        sourceBlobDigest: sha256:1b6ac7c9f5230ee3ddb4ec3c375fc0788a313fe07ec6e4973c16a6d11029e9af
        tags:
            - latest
            - main
targets:
    bolt-typescript:
        source: my-source
        sourceNamespace: my-source
        sourceRevisionDigest: sha256:8d201edede611df10bf85b9951a1de80aeddf4191872b8c902151974b42cade3
        sourceBlobDigest: sha256:1b6ac7c9f5230ee3ddb4ec3c375fc0788a313fe07ec6e4973c16a6d11029e9af
        outLocation: /github/workspace/repo
workflow:
    workflowVersion: 1.0.0
    speakeasyVersion: latest
    sources:
        my-source:
            inputs:
                - location: https://api-docs.bolt.com/api.bundle.yaml
            registry:
                location: registry.speakeasyapi.dev/bolt/boltpublicapi/my-source
    targets:
        bolt-typescript:
            target: typescript
            source: my-source
            publish:
                npm:
                    token: $NPM_TOKEN
